{
  "name": "my-ts-lib",
  "version": "0.1.0",
  "lockfileVersion": 3,
  "requires": true,
  "packages": {
    "": {
      "name": "my-ts-lib",
      "version": "0.1.0",
      "dependencies": {
        "crabby_regex": "file:../pkg"
      }
    },
    "../pkg": {
      "name": "crabby_regex",
      "version": "0.1.0"
    },
    "node_modules/crabby_regex": {
      "resolved": "../pkg",
      "link": true
    }
  }
}
